
Microsoft Visual Studio Solution File, Format Version 12.00
# Visual Studio Version 16
VisualStudioVersion = 16.0.31321.278
MinimumVisualStudioVersion = 10.0.40219.1
Project("{9A19103F-16F7-4668-BE54-9A1E7A4F7556}") = "Classes", "Classes\Classes.csproj", "{7D1C1137-3FB0-47A2-B9B5-2B4808B39D56}"
EndProject
Project("{9A19103F-16F7-4668-BE54-9A1E7A4F7556}") = "DesktopApp", "DesktopApp\DesktopApp.csproj", "{5E8C5D19-898F-4004-9841-4BD038A01ED0}"
EndProject
Project("{9A19103F-16F7-4668-BE54-9A1E7A4F7556}") = "MobileApp", "MobileApp\MobileApp.csproj", "{0C73C441-FC46-412E-B339-25CEE4424ACF}"
EndProject
Project("{2150E333-8FDC-42A3-9474-1A3956D46DE8}") = "Technical Reports", "Technical Reports", "{0A15F1DE-4C75-4CDE-9828-2D2AFB132953}"
	ProjectSection(SolutionItems) = preProject
		C:\Users\User\AppData\Local\Temp\Rar$DRa11008.16774\1059616_1059701_1020489_1062662_6\Class-diagram-v1.0.pdf = C:\Users\User\AppData\Local\Temp\Rar$DRa11008.16774\1059616_1059701_1020489_1062662_6\Class-diagram-v1.0.pdf
		C:\Users\User\AppData\Local\Temp\Rar$DRa11008.16774\1059616_1059701_1020489_1062662_6\Domain-model-v1.0.pdf = C:\Users\User\AppData\Local\Temp\Rar$DRa11008.16774\1059616_1059701_1020489_1062662_6\Domain-model-v1.0.pdf
		C:\Users\User\AppData\Local\Temp\Rar$DRa11008.16774\1059616_1059701_1020489_1062662_6\Project-code-v1.0.pdf = C:\Users\User\AppData\Local\Temp\Rar$DRa11008.16774\1059616_1059701_1020489_1062662_6\Project-code-v1.0.pdf
		C:\Users\User\AppData\Local\Temp\Rar$DRa11008.16774\1059616_1059701_1020489_1062662_6\Project-description-v1.0.pdf = C:\Users\User\AppData\Local\Temp\Rar$DRa11008.16774\1059616_1059701_1020489_1062662_6\Project-description-v1.0.pdf
		C:\Users\User\AppData\Local\Temp\Rar$DRa11008.16774\1059616_1059701_1020489_1062662_6\Project-plan-v1.0.pdf = C:\Users\User\AppData\Local\Temp\Rar$DRa11008.16774\1059616_1059701_1020489_1062662_6\Project-plan-v1.0.pdf
		C:\Users\User\AppData\Local\Temp\Rar$DRa11008.16774\1059616_1059701_1020489_1062662_6\Risk-assessment-v1.0.pdf = C:\Users\User\AppData\Local\Temp\Rar$DRa11008.16774\1059616_1059701_1020489_1062662_6\Risk-assessment-v1.0.pdf
		C:\Users\User\AppData\Local\Temp\Rar$DRa11008.16774\1059616_1059701_1020489_1062662_6\Robustness-diagrams-v1.0.pdf = C:\Users\User\AppData\Local\Temp\Rar$DRa11008.16774\1059616_1059701_1020489_1062662_6\Robustness-diagrams-v1.0.pdf
		C:\Users\User\AppData\Local\Temp\Rar$DRa11008.16774\1059616_1059701_1020489_1062662_6\Sequence-diagrams-v1.0.pdf = C:\Users\User\AppData\Local\Temp\Rar$DRa11008.16774\1059616_1059701_1020489_1062662_6\Sequence-diagrams-v1.0.pdf
		C:\Users\User\AppData\Local\Temp\Rar$DRa11008.16774\1059616_1059701_1020489_1062662_6\Team-plan-v1.0.pdf = C:\Users\User\AppData\Local\Temp\Rar$DRa11008.16774\1059616_1059701_1020489_1062662_6\Team-plan-v1.0.pdf
		C:\Users\User\AppData\Local\Temp\Rar$DRa11008.16774\1059616_1059701_1020489_1062662_6\Use-cases-v1.0.pdf = C:\Users\User\AppData\Local\Temp\Rar$DRa11008.16774\1059616_1059701_1020489_1062662_6\Use-cases-v1.0.pdf
	EndProjectSection
EndProject
Global
	GlobalSection(SolutionConfigurationPlatforms) = preSolution
		Debug|Any CPU = Debug|Any CPU
		Release|Any CPU = Release|Any CPU
	EndGlobalSection
	GlobalSection(ProjectConfigurationPlatforms) = postSolution
		{7D1C1137-3FB0-47A2-B9B5-2B4808B39D56}.Debug|Any CPU.ActiveCfg = Debug|Any CPU
		{7D1C1137-3FB0-47A2-B9B5-2B4808B39D56}.Debug|Any CPU.Build.0 = Debug|Any CPU
		{7D1C1137-3FB0-47A2-B9B5-2B4808B39D56}.Release|Any CPU.ActiveCfg = Release|Any CPU
		{7D1C1137-3FB0-47A2-B9B5-2B4808B39D56}.Release|Any CPU.Build.0 = Release|Any CPU
		{5E8C5D19-898F-4004-9841-4BD038A01ED0}.Debug|Any CPU.ActiveCfg = Debug|Any CPU
		{5E8C5D19-898F-4004-9841-4BD038A01ED0}.Debug|Any CPU.Build.0 = Debug|Any CPU
		{5E8C5D19-898F-4004-9841-4BD038A01ED0}.Release|Any CPU.ActiveCfg = Release|Any CPU
		{5E8C5D19-898F-4004-9841-4BD038A01ED0}.Release|Any CPU.Build.0 = Release|Any CPU
		{0C73C441-FC46-412E-B339-25CEE4424ACF}.Debug|Any CPU.ActiveCfg = Debug|Any CPU
		{0C73C441-FC46-412E-B339-25CEE4424ACF}.Debug|Any CPU.Build.0 = Debug|Any CPU
		{0C73C441-FC46-412E-B339-25CEE4424ACF}.Release|Any CPU.ActiveCfg = Release|Any CPU
		{0C73C441-FC46-412E-B339-25CEE4424ACF}.Release|Any CPU.Build.0 = Release|Any CPU
	EndGlobalSection
	GlobalSection(SolutionProperties) = preSolution
		HideSolutionNode = FALSE
	EndGlobalSection
	GlobalSection(ExtensibilityGlobals) = postSolution
		SolutionGuid = {88B5918D-4678-44C6-BAE0-837DF06F1056}
	EndGlobalSection
EndGlobal
